// !$*UTF8*$!
{
	archiveVersion = 1;
	classes = {
	};
	objectVersion = 46;
	objects = {

/* Begin PBXBuildFile section */
		9AF75E621F084AA2006A9D94 /* AppDelegate.swift in Sources */ = {isa = PBXBuildFile; fileRef = 9AF75E611F084AA2006A9D94 /* AppDelegate.swift */; };
		9AF75E641F084AA2006A9D94 /* ViewController.swift in Sources */ = {isa = PBXBuildFile; fileRef = 9AF75E631F084AA2006A9D94 /* ViewController.swift */; };
		9AF75E671F084AA2006A9D94 /* Main.storyboard in Resources */ = {isa = PBXBuildFile; fileRef = 9AF75E651F084AA2006A9D94 /* Main.storyboard */; };
		9AF75E691F084AA2006A9D94 /* Assets.xcassets in Resources */ = {isa = PBXBuildFile; fileRef = 9AF75E681F084AA2006A9D94 /* Assets.xcassets */; };
		9AF75E6C1F084AA2006A9D94 /* LaunchScreen.storyboard in Resources */ = {isa = PBXBuildFile; fileRef = 9AF75E6A1F084AA2006A9D94 /* LaunchScreen.storyboard */; };
		9AF75E771F084AA2006A9D94 /* SampleFacebookLoginTests.swift in Sources */ = {isa = PBXBuildFile; fileRef = 9AF75E761F084AA2006A9D94 /* SampleFacebookLoginTests.swift */; };
/* End PBXBuildFile section */

/* Begin PBXContainerItemProxy section */
		9AF75E731F084AA2006A9D94 /* PBXContainerItemProxy */ = {
			isa = PBXContainerItemProxy;
			containerPortal = 9AF75E561F084AA1006A9D94 /* Project object */;
			proxyType = 1;
			remoteGlobalIDString = 9AF75E5D1F084AA2006A9D94;
			remoteInfo = SampleFacebookLogin;
		};
/* End PBXContainerItemProxy section */

/* Begin PBXFileReference section */
		9AF75E5E1F084AA2006A9D94 /* SampleFacebookLogin.app */ = {isa = PBXFileReference; explicitFileType = wrapper.application; includeInIndex = 0; path = SampleFacebookLogin.app; sourceTree = BUILT_PRODUCTS_DIR; };
		9AF75E611F084AA2006A9D94 /* AppDelegate.swift */ = {isa = PBXFileReference; lastKnownFileType = sourcecode.swift; path = AppDelegate.swift; sourceTree = "<group>"; };
		9AF75E631F084AA2006A9D94 /* ViewController.swift */ = {isa = PBXFileReference; lastKnownFileType = sourcecode.swift; path = ViewController.swift; sourceTree = "<group>"; };
		9AF75E661F084AA2006A9D94 /* Base */ = {isa = PBXFileReference; lastKnownFileType = file.storyboard; name = Base; path = Base.lproj/Main.storyboard; sourceTree = "<group>"; };
		9AF75E681F084AA2006A9D94 /* Assets.xcassets */ = {isa = PBXFileReference; lastKnownFileType = folder.assetcatalog; path = Assets.xcassets; sourceTree = "<group>"; };
		9AF75E6B1F084AA2006A9D94 /* Base */ = {isa = PBXFileReference; lastKnownFileType = file.storyboard; name = Base; path = Base.lproj/LaunchScreen.storyboard; sourceTree = "<group>"; };
		9AF75E6D1F084AA2006A9D94 /* Info.plist */ = {isa = PBXFileReference; lastKnownFileType = text.plist.xml; path = Info.plist; sourceTree = "<group>"; };
		9AF75E721F084AA2006A9D94 /* SampleFacebookLoginTests.xctest */ = {isa = PBXFileReference; explicitFileType = wrapper.cfbundle; includeInIndex = 0; path = SampleFacebookLoginTests.xctest; sourceTree = BUILT_PRODUCTS_DIR; };
		9AF75E761F084AA2006A9D94 /* SampleFacebookLoginTests.swift */ = {isa = PBXFileReference; lastKnownFileType = sourcecode.swift; path = SampleFacebookLoginTests.swift; sourceTree = "<group>"; };
		9AF75E781F084AA2006A9D94 /* Info.plist */ = {isa = PBXFileReference; lastKnownFileType = text.plist.xml; path = Info.plist; sourceTree = "<group>"; };
/* End PBXFileReference section */

/* Begin PBXFrameworksBuildPhase section */
		9AF75E5B1F084AA2006A9D94 /* Frameworks */ = {
			isa = PBXFrameworksBuildPhase;
			buildActionMask = 2147483647;
			files = (
			);
			runOnlyForDeploymentPostprocessing = 0;
		};
		9AF75E6F1F084AA2006A9D94 /* Frameworks */ = {
			isa = PBXFrameworksBuildPhase;
			buildActionMask = 2147483647;
			files = (
			);
			runOnlyForDeploymentPostprocessing = 0;
		};
/* End PBXFrameworksBuildPhase section */

/* Begin PBXGroup section */
		9AF75E551F084AA1006A9D94 = {
			isa = PBXGroup;
			children = (
				9AF75E601F084AA2006A9D94 /* SampleFacebookLogin */,
				9AF75E751F084AA2006A9D94 /* SampleFacebookLoginTests */,
				9AF75E5F1F084AA2006A9D94 /* Products */,
			);
			sourceTree = "<group>";
		};
		9AF75E5F1F084AA2006A9D94 /* Products */ = {
			isa = PBXGroup;
			children = (
				9AF75E5E1F084AA2006A9D94 /* SampleFacebookLogin.app */,
				9AF75E721F084AA2006A9D94 /* SampleFacebookLoginTests.xctest */,
			);
			name = Products;
			sourceTree = "<group>";
		};
		9AF75E601F084AA2006A9D94 /* SampleFacebookLogin */ = {
			isa = PBXGroup;
			children = (
				9AF75E611F084AA2006A9D94 /* AppDelegate.swift */,
				9AF75E631F084AA2006A9D94 /* ViewController.swift */,
				9AF75E651F084AA2006A9D94 /* Main.storyboard */,
				9AF75E681F084AA2006A9D94 /* Assets.xcassets */,
				9AF75E6A1F084AA2006A9D94 /* LaunchScreen.storyboard */,
				9AF75E6D1F084AA2006A9D94 /* Info.plist */,
			);
			path = SampleFacebookLogin;
			sourceTree = "<group>";
		};
		9AF75E751F084AA2006A9D94 /* SampleFacebookLoginTests */ = {
			isa = PBXGroup;
			children = (
				9AF75E761F084AA2006A9D94 /* SampleFacebookLoginTests.swift */,
				9AF75E781F084AA2006A9D94 /* Info.plist */,
			);
			path = SampleFacebookLoginTests;
			sourceTree = "<group>";
		};
/* End PBXGroup section */

/* Begin PBXNativeTarget section */
		9AF75E5D1F084AA2006A9D94 /* SampleFacebookLogin */ = {
			isa = PBXNativeTarget;
			buildConfigurationList = 9AF75E7B1F084AA2006A9D94 /* Build configuration list for PBXNativeTarget "SampleFacebookLogin" */;
			buildPhases = (
				9AF75E5A1F084AA2006A9D94 /* Sources */,
				9AF75E5B1F084AA2006A9D94 /* Frameworks */,
				9AF75E5C1F084AA2006A9D94 /* Resources */,
			);
			buildRules = (
			);
			dependencies = (
			);
			name = SampleFacebookLogin;
			productName = SampleFacebookLogin;
			productReference = 9AF75E5E1F084AA2006A9D94 /* SampleFacebookLogin.app */;
			productType = "com.apple.product-type.application";
		};
		9AF75E711F084AA2006A9D94 /* SampleFacebookLoginTests */ = {
			isa = PBXNativeTarget;
			buildConfigurationList = 9AF75E7E1F084AA2006A9D94 /* Build configuration list for PBXNativeTarget "SampleFacebookLoginTests" */;
			buildPhases = (
				9AF75E6E1F084AA2006A9D94 /* Sources */,
				9AF75E6F1F084AA2006A9D94 /* Frameworks */,
				9AF75E701F084AA2006A9D94 /* Resources */,
			);
			buildRules = (
			);
			dependencies = (
				9AF75E741F084AA2006A9D94 /* PBXTargetDependency */,
			);
			name = SampleFacebookLoginTests;
			productName = SampleFacebookLoginTests;
			productReference = 9AF75E721F084AA2006A9D94 /* SampleFacebookLoginTests.xctest */;
			productType = "com.apple.product-type.bundle.unit-test";
		};
/* End PBXNativeTarget section */

/* Begin PBXProject section */
		9AF75E561F084AA1006A9D94 /* Project object */ = {
			isa = PBXProject;
			attributes = {
				LastSwiftUpdateCheck = 0830;
				LastUpgradeCheck = 0830;
				ORGANIZATIONNAME = "Semeon D";
				TargetAttributes = {
					9AF75E5D1F084AA2006A9D94 = {
						CreatedOnToolsVersion = 8.3.2;
						DevelopmentTeam = EHL78R8DQX;
						ProvisioningStyle = Automatic;
					};
					9AF75E711F084AA2006A9D94 = {
						CreatedOnToolsVersion = 8.3.2;
						DevelopmentTeam = EHL78R8DQX;
						ProvisioningStyle = Automatic;
						TestTargetID = 9AF75E5D1F084AA2006A9D94;
					};
				};
			};
			buildConfigurationList = 9AF75E591F084AA1006A9D94 /* Build configuration list for PBXProject "SampleFacebookLogin" */;
			compatibilityVersion = "Xcode 3.2";
			developmentRegion = English;
			hasScannedForEncodings = 0;
			knownRegions = (
				en,
				Base,
			);
			mainGroup = 9AF75E551F084AA1006A9D94;
			productRefGroup = 9AF75E5F1F084AA2006A9D94 /* Products */;
			projectDirPath = "";
			projectRoot = "";
			targets = (
				9AF75E5D1F084AA2006A9D94 /* SampleFacebookLogin */,
				9AF75E711F084AA2006A9D94 /* SampleFacebookLoginTests */,
			);
		};
/* End PBXProject section */

/* Begin PBXResourcesBuildPhase section */
		9AF75E5C1F084AA2006A9D94 /* Resources */ = {
			isa = PBXResourcesBuildPhase;
			buildActionMask = 2147483647;
			files = (
				9AF75E6C1F084AA2006A9D94 /* LaunchScreen.storyboard in Resources */,
				9AF75E691F084AA2006A9D94 /* Assets.xcassets in Resources */,
				9AF75E671F084AA2006A9D94 /* Main.storyboard in Resources */,
			);
			runOnlyForDeploymentPostprocessing = 0;
		};
		9AF75E701F084AA2006A9D94 /* Resources */ = {
			isa = PBXResourcesBuildPhase;
			buildActionMask = 2147483647;
			files = (
			);
			runOnlyForDeploymentPostprocessing = 0;
		};
/* End PBXResourcesBuildPhase section */

/* Begin PBXSourcesBuildPhase section */
		9AF75E5A1F084AA2006A9D94 /* Sources */ = {
			isa = PBXSourcesBuildPhase;
			buildActionMask = 2147483647;
			files = (
				9AF75E641F084AA2006A9D94 /* ViewController.swift in Sources */,
				9AF75E621F084AA2006A9D94 /* AppDelegate.swift in Sources */,
			);
			runOnlyForDeploymentPostprocessing = 0;
		};
		9AF75E6E1F084AA2006A9D94 /* Sources */ = {
			isa = PBXSourcesBuildPhase;
			buildActionMask = 2147483647;
			files = (
				9AF75E771F084AA2006A9D94 /* SampleFacebookLoginTests.swift in Sources */,
			);
			runOnlyForDeploymentPostprocessing = 0;
		};
/* End PBXSourcesBuildPhase section */

/* Begin PBXTargetDependency section */
		9AF75E741F084AA2006A9D94 /* PBXTargetDependency */ = {
			isa = PBXTargetDependency;
			target = 9AF75E5D1F084AA2006A9D94 /* SampleFacebookLogin */;
			targetProxy = 9AF75E731F084AA2006A9D94 /* PBXContainerItemProxy */;
		};
/* End PBXTargetDependency section */

/* Begin PBXVariantGroup section */
		9AF75E651F084AA2006A9D94 /* Main.storyboard */ = {
			isa = PBXVariantGroup;
			children = (
				9AF75E661F084AA2006A9D94 /* Base */,
			);
			name = Main.storyboard;
			sourceTree = "<group>";
		};
		9AF75E6A1F084AA2006A9D94 /* LaunchScreen.storyboard */ = {
			isa = PBXVariantGroup;
			children = (
				9AF75E6B1F084AA2006A9D94 /* Base */,
			);
			name = LaunchScreen.storyboard;
			sourceTree = "<group>";
		};
/* End PBXVariantGroup section */

/* Begin XCBuildConfiguration section */
		9AF75E791F084AA2006A9D94 /* Debug */ = {
			isa = XCBuildConfiguration;
			buildSettings = {
				ALWAYS_SEARCH_USER_PATHS = NO;
				CLANG_ANALYZER_NONNULL = YES;
				CLANG_ANALYZER_NUMBER_OBJECT_CONVERSION = YES_AGGRESSIVE;
				CLANG_CXX_LANGUAGE_STANDARD = "gnu++0x";
				CLANG_CXX_LIBRARY = "libc++";
				CLANG_ENABLE_MODULES = YES;
				CLANG_ENABLE_OBJC_ARC = YES;
				CLANG_WARN_BOOL_CONVERSION = YES;
				CLANG_WARN_CONSTANT_CONVERSION = YES;
				CLANG_WARN_DIRECT_OBJC_ISA_USAGE = YES_ERROR;
				CLANG_WARN_DOCUMENTATION_COMMENTS = YES;
				CLANG_WARN_EMPTY_BODY = YES;
				CLANG_WARN_ENUM_CONVERSION = YES;
				CLANG_WARN_INFINITE_RECURSION = YES;
				CLANG_WARN_INT_CONVERSION = YES;
				CLANG_WARN_OBJC_ROOT_CLASS = YES_ERROR;
				CLANG_WARN_SUSPICIOUS_MOVE = YES;
				CLANG_WARN_UNREACHABLE_CODE = YES;
				CLANG_WARN__DUPLICATE_METHOD_MATCH = YES;
				"CODE_SIGN_IDENTITY[sdk=iphoneos*]" = "iPhone Developer";
				COPY_PHASE_STRIP = NO;
				DEBUG_INFORMATION_FORMAT = dwarf;
				ENABLE_STRICT_OBJC_MSGSEND = YES;
				ENABLE_TESTABILITY = YES;
				GCC_C_LANGUAGE_STANDARD = gnu99;
				GCC_DYNAMIC_NO_PIC = NO;
				GCC_NO_COMMON_BLOCKS = YES;
				GCC_OPTIMIZATION_LEVEL = 0;
				GCC_PREPROCESSOR_DEFINITIONS = (
					"DEBUG=1",
					"$(inherited)",
				);
				GCC_WARN_64_TO_32_BIT_CONVERSION = YES;
				GCC_WARN_ABOUT_RETURN_TYPE = YES_ERROR;
				GCC_WARN_UNDECLARED_SELECTOR = YES;
				GCC_WARN_UNINITIALIZED_AUTOS = YES_AGGRESSIVE;
				GCC_WARN_UNUSED_FUNCTION = YES;
				GCC_WARN_UNUSED_VARIABLE = YES;
				IPHONEOS_DEPLOYMENT_TARGET = 10.3;
				MTL_ENABLE_DEBUG_INFO = YES;
				ONLY_ACTIVE_ARCH = YES;
				SDKROOT = iphoneos;
				SWIFT_ACTIVE_COMPILATION_CONDITIONS = DEBUG;
				SWIFT_OPTIMIZATION_LEVEL = "-Onone";
				TARGETED_DEVICE_FAMILY = "1,2";
			};
			name = Debug;
		};
		9AF75E7A1F084AA2006A9D94 /* Release */ = {
			isa = XCBuildConfiguration;
			buildSettings = {
				ALWAYS_SEARCH_USER_PATHS = NO;
				CLANG_ANALYZER_NONNULL = YES;
				CLANG_ANALYZER_NUMBER_OBJECT_CONVERSION = YES_AGGRESSIVE;
				CLANG_CXX_LANGUAGE_STANDARD = "gnu++0x";
				CLANG_CXX_LIBRARY = "libc++";
				CLANG_ENABLE_MODULES = YES;
				CLANG_ENABLE_OBJC_ARC = YES;
				CLANG_WARN_BOOL_CONVERSION = YES;
				CLANG_WARN_CONSTANT_CONVERSION = YES;
				CLANG_WARN_DIRECT_OBJC_ISA_USAGE = YES_ERROR;
				CLANG_WARN_DOCUMENTATION_COMMENTS = YES;
				CLANG_WARN_EMPTY_BODY = YES;
				CLANG_WARN_ENUM_CONVERSION = YES;
				CLANG_WARN_INFINITE_RECURSION = YES;
				CLANG_WARN_INT_CONVERSION = YES;
				CLANG_WARN_OBJC_ROOT_CLASS = YES_ERROR;
				CLANG_WARN_SUSPICIOUS_MOVE = YES;
				CLANG_WARN_UNREACHABLE_CODE = YES;
				CLANG_WARN__DUPLICATE_METHOD_MATCH = YES;
				"CODE_SIGN_IDENTITY[sdk=iphoneos*]" = "iPhone Developer";
				COPY_PHASE_STRIP = NO;
				DEBUG_INFORMATION_FORMAT = "dwarf-with-dsym";
				ENABLE_NS_ASSERTIONS = NO;
				ENABLE_STRICT_OBJC_MSGSEND = YES;
				GCC_C_LANGUAGE_STANDARD = gnu99;
				GCC_NO_COMMON_BLOCKS = YES;
				GCC_WARN_64_TO_32_BIT_CONVERSION = YES;
				GCC_WARN_ABOUT_RETURN_TYPE = YES_ERROR;
				GCC_WARN_UNDECLARED_SELECTOR = YES;
				GCC_WARN_UNINITIALIZED_AUTOS = YES_AGGRESSIVE;
				GCC_WARN_UNUSED_FUNCTION = YES;
				GCC_WARN_UNUSED_VARIABLE = YES;
				IPHONEOS_DEPLOYMENT_TARGET = 10.3;
				MTL_ENABLE_DEBUG_INFO = NO;
				SDKROOT = iphoneos;
				SWIFT_OPTIMIZATION_LEVEL = "-Owholemodule";
				TARGETED_DEVICE_FAMILY = "1,2";
				VALIDATE_PRODUCT = YES;
			};
			name = Release;
		};
		9AF75E7C1F084AA2006A9D94 /* Debug */ = {
			isa = XCBuildConfiguration;
			buildSettings = {
				ASSETCATALOG_COMPILER_APPICON_NAME = AppIcon;
				DEVELOPMENT_TEAM = EHL78R8DQX;
				INFOPLIST_FILE = SampleFacebookLogin/Info.plist;
				LD_RUNPATH_SEARCH_PATHS = "$(inherited) @executable_path/Frameworks";
				PRODUCT_BUNDLE_IDENTIFIER = com.rightsemeon.SampleFacebookLogin;
				PRODUCT_NAME = "$(TARGET_NAME)";
				SWIFT_VERSION = 3.0;
			};
			name = Debug;
		};
		9AF75E7D1F084AA2006A9D94 /* Release */ = {
			isa = XCBuildConfiguration;
			buildSettings = {
				ASSETCATALOG_COMPILER_APPICON_NAME = AppIcon;
				DEVELOPMENT_TEAM = EHL78R8DQX;
				INFOPLIST_FILE = SampleFacebookLogin/Info.plist;
				LD_RUNPATH_SEARCH_PATHS = "$(inherited) @executable_path/Frameworks";
				PRODUCT_BUNDLE_IDENTIFIER = com.rightsemeon.SampleFacebookLogin;
				PRODUCT_NAME = "$(TARGET_NAME)";
				SWIFT_VERSION = 3.0;
			};
			name = Release;
		};
		9AF75E7F1F084AA2006A9D94 /* Debug */ = {
			isa = XCBuildConfiguration;
			buildSettings = {
				ALWAYS_EMBED_SWIFT_STANDARD_LIBRARIES = YES;
				BUNDLE_LOADER = "$(TEST_HOST)";
				DEVELOPMENT_TEAM = EHL78R8DQX;
				INFOPLIST_FILE = SampleFacebookLoginTests/Info.plist;
				LD_RUNPATH_SEARCH_PATHS = "$(inherited) @executable_path/Frameworks @loader_path/Frameworks";
				PRODUCT_BUNDLE_IDENTIFIER = com.rightsemeon.SampleFacebookLoginTests;
				PRODUCT_NAME = "$(TARGET_NAME)";
				SWIFT_VERSION = 3.0;
				TEST_HOST = "$(BUILT_PRODUCTS_DIR)/SampleFacebookLogin.app/SampleFacebookLogin";
			};
			name = Debug;
		};
		9AF75E801F084AA2006A9D94 /* Release */ = {
			isa = XCBuildConfiguration;
			buildSettings = {
				ALWAYS_EMBED_SWIFT_STANDARD_LIBRARIES = YES;
				BUNDLE_LOADER = "$(TEST_HOST)";
				DEVELOPMENT_TEAM = EHL78R8DQX;
				INFOPLIST_FILE = SampleFacebookLoginTests/Info.plist;
				LD_RUNPATH_SEARCH_PATHS = "$(inherited) @executable_path/Frameworks @loader_path/Frameworks";
				PRODUCT_BUNDLE_IDENTIFIER = com.rightsemeon.SampleFacebookLoginTests;
				PRODUCT_NAME = "$(TARGET_NAME)";
				SWIFT_VERSION = 3.0;
				TEST_HOST = "$(BUILT_PRODUCTS_DIR)/SampleFacebookLogin.app/SampleFacebookLogin";
			};
			name = Release;
		};
/* End XCBuildConfiguration section */

/* Begin XCConfigurationList section */
		9AF75E591F084AA1006A9D94 /* Build configuration list for PBXProject "SampleFacebookLogin" */ = {
			isa = XCConfigurationList;
			buildConfigurations = (
				9AF75E791F084AA2006A9D94 /* Debug */,
				9AF75E7A1F084AA2006A9D94 /* Release */,
			);
			defaultConfigurationIsVisible = 0;
			defaultConfigurationName = Release;
		};
		9AF75E7B1F084AA2006A9D94 /* Build configuration list for PBXNativeTarget "SampleFacebookLogin" */ = {
			isa = XCConfigurationList;
			buildConfigurations = (
				9AF75E7C1F084AA2006A9D94 /* Debug */,
				9AF75E7D1F084AA2006A9D94 /* Release */,
			);
			defaultConfigurationIsVisible = 0;
		};
		9AF75E7E1F084AA2006A9D94 /* Build configuration list for PBXNativeTarget "SampleFacebookLoginTests" */ = {
			isa = XCConfigurationList;
			buildConfigurations = (
				9AF75E7F1F084AA2006A9D94 /* Debug */,
				9AF75E801F084AA2006A9D94 /* Release */,
			);
			defaultConfigurationIsVisible = 0;
		};
/* End XCConfigurationList section */
	};
	rootObject = 9AF75E561F084AA1006A9D94 /* Project object */;
}
